<?xml version="1.0" encoding="utf-8"?>
<Project ToolsVersion="4.0" xmlns="http://schemas.microsoft.com/developer/msbuild/2003">
  <ItemGroup>
    <Filter Include="Source Files">
      <UniqueIdentifier>{4FC737F1-C7A5-4376-A066-2A32D752A2FF}</UniqueIdentifier>
      <Extensions>cpp;c;cc;cxx;c++;def;odl;idl;hpj;bat;asm;asmx</Extensions>
    </Filter>
    <Filter Include="Header Files">
      <UniqueIdentifier>{93995380-89BD-4b04-88EB-625FBE52EBFB}</UniqueIdentifier>
      <Extensions>h;hh;hpp;hxx;h++;hm;inl;inc;ipp;xsd</Extensions>
    </Filter>
    <Filter Include="Resource Files">
      <UniqueIdentifier>{67DA6AB6-F800-4c08-8B7A-83BB121AAD01}</UniqueIdentifier>
      <Extensions>rc;ico;cur;bmp;dlg;rc2;rct;bin;rgs;gif;jpg;jpeg;jpe;resx;tiff;tif;png;wav;mfcribbon-ms</Extensions>
    </Filter>
    <Filter Include="Header Files\util">
      <UniqueIdentifier>{456f5f90-96b1-425a-9cfd-2497b980a542}</UniqueIdentifier>
    </Filter>
    <Filter Include="Header Files\compiler">
      <UniqueIdentifier>{86a0dc0b-6320-4618-9247-c30583cc5470}</UniqueIdentifier>
    </Filter>
    <Filter Include="Header Files\parser">
      <UniqueIdentifier>{2c043d5d-134f-47f7-8b59-356e7a1d4e93}</UniqueIdentifier>
    </Filter>
    <Filter Include="Source Files\compiler">
      <UniqueIdentifier>{68806610-28c5-4da6-8745-e6edb8e9066e}</UniqueIdentifier>
    </Filter>
    <Filter Include="Source Files\parser">
      <UniqueIdentifier>{aca1168b-8729-458e-a68f-4112501d0999}</UniqueIdentifier>
    </Filter>
    <Filter Include="Header Files\aautil">
      <UniqueIdentifier>{888bbe55-c6b3-4d80-82d0-7ee7f0337692}</UniqueIdentifier>
    </Filter>
    <Filter Include="Source Files\aautil">
      <UniqueIdentifier>{7849275d-8ed2-4ca6-9e75-849e7f2f51dd}</UniqueIdentifier>
    </Filter>
    <Filter Include="Header Files\VM">
      <UniqueIdentifier>{6783bf68-b796-4ba7-85fe-24f7f6fd3ac8}</UniqueIdentifier>
    </Filter>
    <Filter Include="Source Files\VM">
      <UniqueIdentifier>{03faace6-6e50-4a1d-8932-5f35874e34b9}</UniqueIdentifier>
    </Filter>
    <Filter Include="Source Files\aatesting">
      <UniqueIdentifier>{c80607c1-9605-43ec-9826-029b8cb847ed}</UniqueIdentifier>
    </Filter>
    <Filter Include="Header Files\aatesting">
      <UniqueIdentifier>{5f2b706b-c97d-4695-8fb7-b2761b296f93}</UniqueIdentifier>
    </Filter>
    <Filter Include="Source Files\util">
      <UniqueIdentifier>{d798c4ae-a0f8-4624-9bd7-960d0994898f}</UniqueIdentifier>
    </Filter>
    <Filter Include="Header Files\VM\builtin">
      <UniqueIdentifier>{0dfb11d7-a498-4ca3-aa70-6ae8d812395c}</UniqueIdentifier>
    </Filter>
    <Filter Include="Source Files\VM\builtin">
      <UniqueIdentifier>{603a04d6-da5e-4f17-a455-a2d85c02c30f}</UniqueIdentifier>
    </Filter>
  </ItemGroup>
  <ItemGroup>
    <ClCompile Include="Main.cpp">
      <Filter>Source Files</Filter>
    </ClCompile>
    <ClCompile Include="AA_AST.cpp">
      <Filter>Source Files\parser</Filter>
    </ClCompile>
    <ClCompile Include="AA_PT.cpp">
      <Filter>Source Files\parser</Filter>
    </ClCompile>
    <ClCompile Include="AALexer.cpp">
      <Filter>Source Files\parser</Filter>
    </ClCompile>
    <ClCompile Include="AAP.cpp">
      <Filter>Source Files\parser</Filter>
    </ClCompile>
    <ClCompile Include="AAC.cpp">
      <Filter>Source Files\compiler</Filter>
    </ClCompile>
    <ClCompile Include="AAB2F.cpp">
      <Filter>Source Files\aautil</Filter>
    </ClCompile>
    <ClCompile Include="AAVM.cpp">
      <Filter>Source Files\VM</Filter>
    </ClCompile>
    <ClCompile Include="AAVarEnv.cpp">
      <Filter>Source Files\VM</Filter>
    </ClCompile>
    <ClCompile Include="AATypeChecker.cpp">
      <Filter>Source Files\compiler</Filter>
    </ClCompile>
    <ClCompile Include="AAProgram.cpp">
      <Filter>Source Files\VM</Filter>
    </ClCompile>
    <ClCompile Include="AALanguageRegressionTest.cpp">
      <Filter>Source Files\aatesting</Filter>
    </ClCompile>
    <ClCompile Include="AAVal.cpp">
      <Filter>Source Files\VM</Filter>
    </ClCompile>
    <ClCompile Include="AAClassCompiler.cpp">
      <Filter>Source Files\compiler</Filter>
    </ClCompile>
    <ClCompile Include="astring.cpp">
      <Filter>Source Files\util</Filter>
    </ClCompile>
    <ClCompile Include="AACFunction.cpp">
      <Filter>Source Files\VM\builtin</Filter>
    </ClCompile>
    <ClCompile Include="AAStaticAnalysis.cpp">
      <Filter>Source Files\compiler</Filter>
    </ClCompile>
    <ClCompile Include="AACNamespace.cpp">
      <Filter>Source Files\compiler</Filter>
    </ClCompile>
    <ClCompile Include="AACType.cpp">
      <Filter>Source Files\compiler</Filter>
    </ClCompile>
  </ItemGroup>
  <ItemGroup>
    <ClInclude Include="list.h">
      <Filter>Header Files\util</Filter>
    </ClInclude>
    <ClInclude Include="bstream.h">
      <Filter>Header Files\util</Filter>
    </ClInclude>
    <ClInclude Include="stack.h">
      <Filter>Header Files\util</Filter>
    </ClInclude>
    <ClInclude Include="AAB2F.h">
      <Filter>Header Files\aautil</Filter>
    </ClInclude>
    <ClInclude Include="AAO.h">
      <Filter>Header Files\compiler</Filter>
    </ClInclude>
    <ClInclude Include="AAC.h">
      <Filter>Header Files\compiler</Filter>
    </ClInclude>
    <ClInclude Include="AAByteCode.h">
      <Filter>Header Files\compiler</Filter>
    </ClInclude>
    <ClInclude Include="AA_AST.h">
      <Filter>Header Files\parser</Filter>
    </ClInclude>
    <ClInclude Include="AA_PT.h">
      <Filter>Header Files\parser</Filter>
    </ClInclude>
    <ClInclude Include="AALexer.h">
      <Filter>Header Files\parser</Filter>
    </ClInclude>
    <ClInclude Include="AAP.h">
      <Filter>Header Files\parser</Filter>
    </ClInclude>
    <ClInclude Include="AAVM.h">
      <Filter>Header Files\VM</Filter>
    </ClInclude>
    <ClInclude Include="AAVarEnv.h">
      <Filter>Header Files\VM</Filter>
    </ClInclude>
    <ClInclude Include="AAVal.h">
      <Filter>Header Files\VM</Filter>
    </ClInclude>
    <ClInclude Include="AATypeChecker.h">
      <Filter>Header Files\compiler</Filter>
    </ClInclude>
    <ClInclude Include="AACodePosition.h">
      <Filter>Header Files\parser</Filter>
    </ClInclude>
    <ClInclude Include="AAProgram.h">
      <Filter>Header Files\VM</Filter>
    </ClInclude>
    <ClInclude Include="bwalker.h">
      <Filter>Header Files\util</Filter>
    </ClInclude>
    <ClInclude Include="AAFuncSignature.h">
      <Filter>Header Files\compiler</Filter>
    </ClInclude>
    <ClInclude Include="AARuntimeEnvironment.h">
      <Filter>Header Files\VM</Filter>
    </ClInclude>
    <ClInclude Include="AALanguageRegressionTest.h">
      <Filter>Header Files\aatesting</Filter>
    </ClInclude>
    <ClInclude Include="AAClassCompiler.h">
      <Filter>Header Files\compiler</Filter>
    </ClInclude>
    <ClInclude Include="AA_PT_NODE.h">
      <Filter>Header Files\parser</Filter>
    </ClInclude>
    <ClInclude Include="AAC_Structs.h">
      <Filter>Header Files\compiler</Filter>
    </ClInclude>
    <ClInclude Include="astring.h">
      <Filter>Header Files\util</Filter>
    </ClInclude>
    <ClInclude Include="AA_literals.h">
      <Filter>Header Files\VM\builtin</Filter>
    </ClInclude>
    <ClInclude Include="AAString.h">
      <Filter>Header Files\VM\builtin</Filter>
    </ClInclude>
    <ClInclude Include="AACFunction.h">
      <Filter>Header Files\VM\builtin</Filter>
    </ClInclude>
    <ClInclude Include="AACClass.h">
      <Filter>Header Files\VM\builtin</Filter>
    </ClInclude>
    <ClInclude Include="AAConsole.h">
      <Filter>Header Files\VM\builtin</Filter>
    </ClInclude>
    <ClInclude Include="AA_AST_NODE.h">
      <Filter>Header Files\parser</Filter>
    </ClInclude>
    <ClInclude Include="AACNamespace.h">
      <Filter>Header Files\compiler</Filter>
    </ClInclude>
    <ClInclude Include="set.h">
      <Filter>Header Files\util</Filter>
    </ClInclude>
    <ClInclude Include="AAClassSignature.h">
      <Filter>Header Files\compiler</Filter>
    </ClInclude>
    <ClInclude Include="AAAccessModifier.h">
      <Filter>Header Files\compiler</Filter>
    </ClInclude>
    <ClInclude Include="AAStaticAnalysis.h">
      <Filter>Header Files\compiler</Filter>
    </ClInclude>
    <ClInclude Include="AACType.h">
      <Filter>Header Files\compiler</Filter>
    </ClInclude>
    <ClInclude Include="AAstdiolib.h">
      <Filter>Header Files\VM\builtin</Filter>
    </ClInclude>
  </ItemGroup>
</Project>