<?xml version="1.0" encoding="utf-8"?>
<Project ToolsVersion="4.0" xmlns="http://schemas.microsoft.com/developer/msbuild/2003">
  <ItemGroup>
    <Filter Include="Source Files">
      <UniqueIdentifier>{4FC737F1-C7A5-4376-A066-2A32D752A2FF}</UniqueIdentifier>
      <Extensions>cpp;c;cc;cxx;c++;def;odl;idl;hpj;bat;asm;asmx</Extensions>
    </Filter>
    <Filter Include="Header Files">
      <UniqueIdentifier>{93995380-89BD-4b04-88EB-625FBE52EBFB}</UniqueIdentifier>
      <Extensions>h;hh;hpp;hxx;h++;hm;inl;inc;ipp;xsd</Extensions>
    </Filter>
    <Filter Include="Resource Files">
      <UniqueIdentifier>{67DA6AB6-F800-4c08-8B7A-83BB121AAD01}</UniqueIdentifier>
      <Extensions>rc;ico;cur;bmp;dlg;rc2;rct;bin;rgs;gif;jpg;jpeg;jpe;resx;tiff;tif;png;wav;mfcribbon-ms</Extensions>
    </Filter>
    <Filter Include="Header Files\util">
      <UniqueIdentifier>{456f5f90-96b1-425a-9cfd-2497b980a542}</UniqueIdentifier>
    </Filter>
    <Filter Include="Header Files\compiler">
      <UniqueIdentifier>{86a0dc0b-6320-4618-9247-c30583cc5470}</UniqueIdentifier>
    </Filter>
    <Filter Include="Header Files\parser">
      <UniqueIdentifier>{2c043d5d-134f-47f7-8b59-356e7a1d4e93}</UniqueIdentifier>
    </Filter>
    <Filter Include="Source Files\compiler">
      <UniqueIdentifier>{68806610-28c5-4da6-8745-e6edb8e9066e}</UniqueIdentifier>
    </Filter>
    <Filter Include="Source Files\parser">
      <UniqueIdentifier>{aca1168b-8729-458e-a68f-4112501d0999}</UniqueIdentifier>
    </Filter>
    <Filter Include="Header Files\aautil">
      <UniqueIdentifier>{888bbe55-c6b3-4d80-82d0-7ee7f0337692}</UniqueIdentifier>
    </Filter>
    <Filter Include="Source Files\aautil">
      <UniqueIdentifier>{7849275d-8ed2-4ca6-9e75-849e7f2f51dd}</UniqueIdentifier>
    </Filter>
    <Filter Include="Header Files\VM">
      <UniqueIdentifier>{6783bf68-b796-4ba7-85fe-24f7f6fd3ac8}</UniqueIdentifier>
    </Filter>
    <Filter Include="Source Files\VM">
      <UniqueIdentifier>{03faace6-6e50-4a1d-8932-5f35874e34b9}</UniqueIdentifier>
    </Filter>
    <Filter Include="Source Files\aatesting">
      <UniqueIdentifier>{c80607c1-9605-43ec-9826-029b8cb847ed}</UniqueIdentifier>
    </Filter>
    <Filter Include="Header Files\aatesting">
      <UniqueIdentifier>{5f2b706b-c97d-4695-8fb7-b2761b296f93}</UniqueIdentifier>
    </Filter>
    <Filter Include="Source Files\util">
      <UniqueIdentifier>{d798c4ae-a0f8-4624-9bd7-960d0994898f}</UniqueIdentifier>
    </Filter>
    <Filter Include="Header Files\VM\builtin">
      <UniqueIdentifier>{0dfb11d7-a498-4ca3-aa70-6ae8d812395c}</UniqueIdentifier>
    </Filter>
    <Filter Include="Source Files\VM\builtin">
      <UniqueIdentifier>{603a04d6-da5e-4f17-a455-a2d85c02c30f}</UniqueIdentifier>
    </Filter>
    <Filter Include="Header Files\VM\builtin\std">
      <UniqueIdentifier>{b040ad27-a03e-464d-8064-bbb65b546320}</UniqueIdentifier>
    </Filter>
    <Filter Include="Header Files\VM\builtin\std\io">
      <UniqueIdentifier>{23154147-0fd1-4807-9cc6-34d2fd45a059}</UniqueIdentifier>
    </Filter>
    <Filter Include="Source Files\VM\builtin\std">
      <UniqueIdentifier>{2a50334e-94bc-41e4-a4dc-bffdf277bb78}</UniqueIdentifier>
    </Filter>
    <Filter Include="Source Files\VM\builtin\std\io">
      <UniqueIdentifier>{d7ce23a5-e779-4e76-bf78-1334c8e5f8fb}</UniqueIdentifier>
    </Filter>
    <Filter Include="Header Files\VM\Memory">
      <UniqueIdentifier>{0d0b4884-4b90-459d-bf55-57a3d653ca5e}</UniqueIdentifier>
    </Filter>
    <Filter Include="Header Files\VM\Memory\GC">
      <UniqueIdentifier>{016d0bac-11bf-488b-ab6f-8eec73294e13}</UniqueIdentifier>
    </Filter>
    <Filter Include="Source Files\VM\Memory">
      <UniqueIdentifier>{d7d06d66-0704-43db-9892-bf2d35a70cbe}</UniqueIdentifier>
    </Filter>
    <Filter Include="Source Files\VM\Memory\GC">
      <UniqueIdentifier>{f8da15d9-178e-4ced-bee9-f1d4c22b89b9}</UniqueIdentifier>
    </Filter>
    <Filter Include="Header Files\bytecode">
      <UniqueIdentifier>{8a41d1c2-005b-4451-9ac4-bc01b3dec37c}</UniqueIdentifier>
    </Filter>
    <Filter Include="Source Files\bytecode">
      <UniqueIdentifier>{b1471b4c-8273-47f5-b1a7-0285ca4e0004}</UniqueIdentifier>
    </Filter>
    <Filter Include="Header Files\VM\runtime">
      <UniqueIdentifier>{0351ce37-4360-4fd8-8a18-1e55826c2821}</UniqueIdentifier>
    </Filter>
    <Filter Include="Source Files\VM\runtime">
      <UniqueIdentifier>{0fcd8b49-ca2d-424c-a273-fbe471de2b6e}</UniqueIdentifier>
    </Filter>
    <Filter Include="Header Files\analysis">
      <UniqueIdentifier>{50ada02b-9544-4092-a492-914a4036123d}</UniqueIdentifier>
    </Filter>
    <Filter Include="Source Files\analysis">
      <UniqueIdentifier>{73719336-9af1-4033-9efc-94647bc9dd67}</UniqueIdentifier>
    </Filter>
    <Filter Include="Header Files\analysis\verification">
      <UniqueIdentifier>{90f3588a-4ab8-4107-9c0c-6a668e6a241f}</UniqueIdentifier>
    </Filter>
    <Filter Include="Source Files\analysis\verifier">
      <UniqueIdentifier>{a8b48dbf-aa12-4748-b6b8-3eebc02ed362}</UniqueIdentifier>
    </Filter>
    <Filter Include="Header Files\analysis\type">
      <UniqueIdentifier>{3a20b2f4-b4e3-4724-84e6-6fa2bbdfd840}</UniqueIdentifier>
    </Filter>
    <Filter Include="Source Files\analysis\type">
      <UniqueIdentifier>{90e991be-4646-4610-92e6-71d1946343b2}</UniqueIdentifier>
    </Filter>
    <Filter Include="Text Files">
      <UniqueIdentifier>{8bbff6be-fc76-4e94-98e7-9fa1c116cef6}</UniqueIdentifier>
    </Filter>
    <Filter Include="Header Files\VM\meta">
      <UniqueIdentifier>{d0d7a548-e2f3-435e-8413-9c8645f59c92}</UniqueIdentifier>
    </Filter>
    <Filter Include="Source Files\VM\meta">
      <UniqueIdentifier>{cedf0097-6f8b-4dc3-aed4-7174b636cc45}</UniqueIdentifier>
    </Filter>
    <Filter Include="Header Files\util\collections">
      <UniqueIdentifier>{e4063d06-0d31-412c-a3a7-2f6d55706f7c}</UniqueIdentifier>
    </Filter>
    <Filter Include="Header Files\util\stream">
      <UniqueIdentifier>{91043fd7-0d8f-436d-a30a-c016039a8a0f}</UniqueIdentifier>
    </Filter>
    <Filter Include="Header Files\util\string">
      <UniqueIdentifier>{18ed1f3d-9f45-49ef-91cf-1c87555eb85e}</UniqueIdentifier>
    </Filter>
    <Filter Include="Header Files\util\algorithm">
      <UniqueIdentifier>{81b782f6-fe60-454e-bdcb-4325e553426d}</UniqueIdentifier>
    </Filter>
    <Filter Include="Header Files\util\algorithm\encoding">
      <UniqueIdentifier>{f1b86c59-8bf2-4971-92df-c36bee8320ff}</UniqueIdentifier>
    </Filter>
    <Filter Include="Source Files\util\string">
      <UniqueIdentifier>{3fb976ab-c346-4666-9b1a-f1897c1c6821}</UniqueIdentifier>
    </Filter>
    <Filter Include="Source Files\util\algorithm">
      <UniqueIdentifier>{4c62d68e-a5ed-4c74-8360-214ae99cc13d}</UniqueIdentifier>
    </Filter>
    <Filter Include="Source Files\util\algorithm\encoding">
      <UniqueIdentifier>{38a0b56e-defd-4c61-9a60-967eabd52123}</UniqueIdentifier>
    </Filter>
  </ItemGroup>
  <ItemGroup>
    <ClCompile Include="Main.cpp">
      <Filter>Source Files</Filter>
    </ClCompile>
    <ClCompile Include="AA_AST.cpp">
      <Filter>Source Files\parser</Filter>
    </ClCompile>
    <ClCompile Include="AA_PT.cpp">
      <Filter>Source Files\parser</Filter>
    </ClCompile>
    <ClCompile Include="AALexer.cpp">
      <Filter>Source Files\parser</Filter>
    </ClCompile>
    <ClCompile Include="AAP.cpp">
      <Filter>Source Files\parser</Filter>
    </ClCompile>
    <ClCompile Include="AAC.cpp">
      <Filter>Source Files\compiler</Filter>
    </ClCompile>
    <ClCompile Include="AAB2F.cpp">
      <Filter>Source Files\aautil</Filter>
    </ClCompile>
    <ClCompile Include="AAVM.cpp">
      <Filter>Source Files\VM</Filter>
    </ClCompile>
    <ClCompile Include="AALanguageRegressionTest.cpp">
      <Filter>Source Files\aatesting</Filter>
    </ClCompile>
    <ClCompile Include="AAClassCompiler.cpp">
      <Filter>Source Files\compiler</Filter>
    </ClCompile>
    <ClCompile Include="AACFunction.cpp">
      <Filter>Source Files\VM\builtin</Filter>
    </ClCompile>
    <ClCompile Include="AAFileStream.cpp">
      <Filter>Source Files\VM\builtin\std\io</Filter>
    </ClCompile>
    <ClCompile Include="AAGarbageCollector.cpp">
      <Filter>Source Files\VM\Memory\GC</Filter>
    </ClCompile>
    <ClCompile Include="AAMemoryStore.cpp">
      <Filter>Source Files\VM\Memory</Filter>
    </ClCompile>
    <ClCompile Include="AA_PT_Unflatten.cpp">
      <Filter>Source Files\parser</Filter>
    </ClCompile>
    <ClCompile Include="AAAutoCodeGeneratorcpp.cpp">
      <Filter>Source Files\compiler</Filter>
    </ClCompile>
    <ClCompile Include="AAObject.cpp">
      <Filter>Source Files\VM</Filter>
    </ClCompile>
    <ClCompile Include="AAStackValue.cpp">
      <Filter>Source Files\VM</Filter>
    </ClCompile>
    <ClCompile Include="AAVal.cpp">
      <Filter>Source Files\VM</Filter>
    </ClCompile>
    <ClCompile Include="AAPrimitiveType.cpp">
      <Filter>Source Files\VM</Filter>
    </ClCompile>
    <ClCompile Include="AAArray.cpp">
      <Filter>Source Files\VM\builtin</Filter>
    </ClCompile>
    <ClCompile Include="AAString.cpp">
      <Filter>Source Files\VM\builtin</Filter>
    </ClCompile>
    <ClCompile Include="AAConsole.cpp">
      <Filter>Source Files\VM\builtin</Filter>
    </ClCompile>
    <ClCompile Include="AAstdiolib.cpp">
      <Filter>Source Files\VM\builtin</Filter>
    </ClCompile>
    <ClCompile Include="AAMemory.cpp">
      <Filter>Source Files\VM\Memory</Filter>
    </ClCompile>
    <ClCompile Include="AAExecute.cpp">
      <Filter>Source Files\VM\runtime</Filter>
    </ClCompile>
    <ClCompile Include="AAVarEnv.cpp">
      <Filter>Source Files\VM\runtime</Filter>
    </ClCompile>
    <ClCompile Include="AAProgram.cpp">
      <Filter>Source Files\VM\runtime</Filter>
    </ClCompile>
    <ClCompile Include="AARuntimeTypeEnv.cpp">
      <Filter>Source Files\VM\runtime</Filter>
    </ClCompile>
    <ClCompile Include="AARuntimeEnvironment.cpp">
      <Filter>Source Files\VM\runtime</Filter>
    </ClCompile>
    <ClCompile Include="AADecompiler.cpp">
      <Filter>Source Files\compiler</Filter>
    </ClCompile>
    <ClCompile Include="AAUnparser.cpp">
      <Filter>Source Files\parser</Filter>
    </ClCompile>
    <ClCompile Include="AAVars.cpp">
      <Filter>Source Files\analysis</Filter>
    </ClCompile>
    <ClCompile Include="AAStaticAnalysis.cpp">
      <Filter>Source Files\analysis</Filter>
    </ClCompile>
    <ClCompile Include="AAModifier.cpp">
      <Filter>Source Files\analysis</Filter>
    </ClCompile>
    <ClCompile Include="AACNamespace.cpp">
      <Filter>Source Files\analysis</Filter>
    </ClCompile>
    <ClCompile Include="AAVerifier.cpp">
      <Filter>Source Files\analysis\verifier</Filter>
    </ClCompile>
    <ClCompile Include="AAControlpath.cpp">
      <Filter>Source Files\analysis\verifier</Filter>
    </ClCompile>
    <ClCompile Include="AA_Node_Consts.cpp">
      <Filter>Source Files\parser</Filter>
    </ClCompile>
    <ClCompile Include="AATuple.cpp">
      <Filter>Source Files\VM</Filter>
    </ClCompile>
    <ClCompile Include="AATypeChecker.cpp">
      <Filter>Source Files\analysis\type</Filter>
    </ClCompile>
    <ClCompile Include="AACType.cpp">
      <Filter>Source Files\analysis\type</Filter>
    </ClCompile>
    <ClCompile Include="AADynamicTypeEnvironment.cpp">
      <Filter>Source Files\analysis\type</Filter>
    </ClCompile>
    <ClCompile Include="AAClassSignature.cpp">
      <Filter>Source Files\compiler</Filter>
    </ClCompile>
    <ClCompile Include="AAFuncSignature.cpp">
      <Filter>Source Files\compiler</Filter>
    </ClCompile>
    <ClCompile Include="AAByteType.cpp">
      <Filter>Source Files\bytecode</Filter>
    </ClCompile>
    <ClCompile Include="AAObjectType.cpp">
      <Filter>Source Files\VM\meta</Filter>
    </ClCompile>
    <ClCompile Include="AAVTable.cpp">
      <Filter>Source Files\VM\meta</Filter>
    </ClCompile>
    <ClCompile Include="astring.cpp">
      <Filter>Source Files\util\string</Filter>
    </ClCompile>
    <ClCompile Include="goedel_encoding.cpp">
      <Filter>Source Files\util\algorithm\encoding</Filter>
    </ClCompile>
    <ClCompile Include="AA_AST_Expander.cpp">
      <Filter>Source Files\parser</Filter>
    </ClCompile>
    <ClCompile Include="AAProjectRegressionTest.cpp">
      <Filter>Source Files\aatesting</Filter>
    </ClCompile>
    <ClCompile Include="AACompileProject.cpp">
      <Filter>Source Files\compiler</Filter>
    </ClCompile>
    <ClCompile Include="AAInheritanceTree.cpp">
      <Filter>Source Files\analysis</Filter>
    </ClCompile>
  </ItemGroup>
  <ItemGroup>
    <ClInclude Include="AAB2F.h">
      <Filter>Header Files\aautil</Filter>
    </ClInclude>
    <ClInclude Include="AAC.h">
      <Filter>Header Files\compiler</Filter>
    </ClInclude>
    <ClInclude Include="AA_AST.h">
      <Filter>Header Files\parser</Filter>
    </ClInclude>
    <ClInclude Include="AA_PT.h">
      <Filter>Header Files\parser</Filter>
    </ClInclude>
    <ClInclude Include="AALexer.h">
      <Filter>Header Files\parser</Filter>
    </ClInclude>
    <ClInclude Include="AAP.h">
      <Filter>Header Files\parser</Filter>
    </ClInclude>
    <ClInclude Include="AAVM.h">
      <Filter>Header Files\VM</Filter>
    </ClInclude>
    <ClInclude Include="AAVal.h">
      <Filter>Header Files\VM</Filter>
    </ClInclude>
    <ClInclude Include="AACodePosition.h">
      <Filter>Header Files\parser</Filter>
    </ClInclude>
    <ClInclude Include="AALanguageRegressionTest.h">
      <Filter>Header Files\aatesting</Filter>
    </ClInclude>
    <ClInclude Include="AAClassCompiler.h">
      <Filter>Header Files\compiler</Filter>
    </ClInclude>
    <ClInclude Include="AA_PT_NODE.h">
      <Filter>Header Files\parser</Filter>
    </ClInclude>
    <ClInclude Include="AAC_Structs.h">
      <Filter>Header Files\compiler</Filter>
    </ClInclude>
    <ClInclude Include="AA_literals.h">
      <Filter>Header Files\VM\builtin</Filter>
    </ClInclude>
    <ClInclude Include="AAString.h">
      <Filter>Header Files\VM\builtin</Filter>
    </ClInclude>
    <ClInclude Include="AACFunction.h">
      <Filter>Header Files\VM\builtin</Filter>
    </ClInclude>
    <ClInclude Include="AACClass.h">
      <Filter>Header Files\VM\builtin</Filter>
    </ClInclude>
    <ClInclude Include="AAConsole.h">
      <Filter>Header Files\VM\builtin</Filter>
    </ClInclude>
    <ClInclude Include="AA_AST_NODE.h">
      <Filter>Header Files\parser</Filter>
    </ClInclude>
    <ClInclude Include="AAstdiolib.h">
      <Filter>Header Files\VM\builtin</Filter>
    </ClInclude>
    <ClInclude Include="AAFileStream.h">
      <Filter>Header Files\VM\builtin\std\io</Filter>
    </ClInclude>
    <ClInclude Include="AAGarbageCollector.h">
      <Filter>Header Files\VM\Memory\GC</Filter>
    </ClInclude>
    <ClInclude Include="AAMemoryStore.h">
      <Filter>Header Files\VM\Memory</Filter>
    </ClInclude>
    <ClInclude Include="AAMemory.h">
      <Filter>Header Files\VM\Memory</Filter>
    </ClInclude>
    <ClInclude Include="AA_Node_Consts.h">
      <Filter>Header Files\parser</Filter>
    </ClInclude>
    <ClInclude Include="AA_PT_Unflatten.h">
      <Filter>Header Files\parser</Filter>
    </ClInclude>
    <ClInclude Include="AAAutoCodeGenerator.h">
      <Filter>Header Files\compiler</Filter>
    </ClInclude>
    <ClInclude Include="AAStackValue.h">
      <Filter>Header Files\VM</Filter>
    </ClInclude>
    <ClInclude Include="AAPrimitiveType.h">
      <Filter>Header Files\VM</Filter>
    </ClInclude>
    <ClInclude Include="AAArray.h">
      <Filter>Header Files\VM\builtin</Filter>
    </ClInclude>
    <ClInclude Include="AAO.h">
      <Filter>Header Files\bytecode</Filter>
    </ClInclude>
    <ClInclude Include="AAByteCode.h">
      <Filter>Header Files\bytecode</Filter>
    </ClInclude>
    <ClInclude Include="AAByteType.h">
      <Filter>Header Files\bytecode</Filter>
    </ClInclude>
    <ClInclude Include="AARuntimeEnvironment.h">
      <Filter>Header Files\VM\runtime</Filter>
    </ClInclude>
    <ClInclude Include="AAExecute.h">
      <Filter>Header Files\VM\runtime</Filter>
    </ClInclude>
    <ClInclude Include="AAVarEnv.h">
      <Filter>Header Files\VM\runtime</Filter>
    </ClInclude>
    <ClInclude Include="AAProgram.h">
      <Filter>Header Files\VM\runtime</Filter>
    </ClInclude>
    <ClInclude Include="AARuntimeTypeEnv.h">
      <Filter>Header Files\VM\runtime</Filter>
    </ClInclude>
    <ClInclude Include="AAIntrPtr.h">
      <Filter>Header Files\VM</Filter>
    </ClInclude>
    <ClInclude Include="AAUnparser.h">
      <Filter>Header Files\parser</Filter>
    </ClInclude>
    <ClInclude Include="AADecompiler.h">
      <Filter>Header Files\compiler</Filter>
    </ClInclude>
    <ClInclude Include="AAVars.h">
      <Filter>Header Files\analysis</Filter>
    </ClInclude>
    <ClInclude Include="AAStaticAnalysis.h">
      <Filter>Header Files\analysis</Filter>
    </ClInclude>
    <ClInclude Include="AAClassSignature.h">
      <Filter>Header Files\analysis</Filter>
    </ClInclude>
    <ClInclude Include="AACNamespace.h">
      <Filter>Header Files\analysis</Filter>
    </ClInclude>
    <ClInclude Include="AAFuncSignature.h">
      <Filter>Header Files\analysis</Filter>
    </ClInclude>
    <ClInclude Include="AAModifier.h">
      <Filter>Header Files\analysis</Filter>
    </ClInclude>
    <ClInclude Include="AACEnum.h">
      <Filter>Header Files\analysis</Filter>
    </ClInclude>
    <ClInclude Include="AAVerifier.h">
      <Filter>Header Files\analysis\verification</Filter>
    </ClInclude>
    <ClInclude Include="AAControlpath.h">
      <Filter>Header Files\analysis\verification</Filter>
    </ClInclude>
    <ClInclude Include="AATuple.h">
      <Filter>Header Files\VM</Filter>
    </ClInclude>
    <ClInclude Include="AATypeChecker.h">
      <Filter>Header Files\analysis\type</Filter>
    </ClInclude>
    <ClInclude Include="AACType.h">
      <Filter>Header Files\analysis\type</Filter>
    </ClInclude>
    <ClInclude Include="AADynamicTypeEnviornment.h">
      <Filter>Header Files\analysis\type</Filter>
    </ClInclude>
    <ClInclude Include="AAObject.h">
      <Filter>Header Files\VM</Filter>
    </ClInclude>
    <ClInclude Include="AAObjectType.h">
      <Filter>Header Files\VM\meta</Filter>
    </ClInclude>
    <ClInclude Include="AAVTable.h">
      <Filter>Header Files\VM\meta</Filter>
    </ClInclude>
    <ClInclude Include="any_stack.h">
      <Filter>Header Files\util\collections</Filter>
    </ClInclude>
    <ClInclude Include="array.h">
      <Filter>Header Files\util\collections</Filter>
    </ClInclude>
    <ClInclude Include="list.h">
      <Filter>Header Files\util\collections</Filter>
    </ClInclude>
    <ClInclude Include="pairedarray.h">
      <Filter>Header Files\util\collections</Filter>
    </ClInclude>
    <ClInclude Include="set.h">
      <Filter>Header Files\util\collections</Filter>
    </ClInclude>
    <ClInclude Include="stack.h">
      <Filter>Header Files\util\collections</Filter>
    </ClInclude>
    <ClInclude Include="bwalker.h">
      <Filter>Header Files\util\stream</Filter>
    </ClInclude>
    <ClInclude Include="bstream.h">
      <Filter>Header Files\util\stream</Filter>
    </ClInclude>
    <ClInclude Include="astring.h">
      <Filter>Header Files\util\string</Filter>
    </ClInclude>
    <ClInclude Include="goedel_encoding.h">
      <Filter>Header Files\util\algorithm\encoding</Filter>
    </ClInclude>
    <ClInclude Include="AA_AST_Expander.h">
      <Filter>Header Files\parser</Filter>
    </ClInclude>
    <ClInclude Include="AAProjectRegressionTest.h">
      <Filter>Header Files\aatesting</Filter>
    </ClInclude>
    <ClInclude Include="AACompileProject.h">
      <Filter>Header Files\compiler</Filter>
    </ClInclude>
    <ClInclude Include="AAInheritanceTree.h">
      <Filter>Header Files\analysis</Filter>
    </ClInclude>
    <ClInclude Include="AAStaticEnvironment.h">
      <Filter>Header Files\analysis</Filter>
    </ClInclude>
  </ItemGroup>
  <ItemGroup>
    <Text Include="TODO.txt">
      <Filter>Text Files</Filter>
    </Text>
    <Text Include="Arguments.txt">
      <Filter>Text Files</Filter>
    </Text>
  </ItemGroup>
</Project>